
Microsoft Visual Studio Solution File, Format Version 12.00
# Visual Studio Version 16
VisualStudioVersion = 16.0.31005.135
MinimumVisualStudioVersion = 10.0.40219.1
Project("{FAE04EC0-301F-11D3-BF4B-00C04F79EFBC}") = "fil_rouge", "fil_rouge\fil_rouge.csproj", "{8871E9BA-4904-49A9-A8D3-A842408E91F1}"
EndProject
Global
	GlobalSection(SolutionConfigurationPlatforms) = preSolution
		Debug|Any CPU = Debug|Any CPU
		Release|Any CPU = Release|Any CPU
	EndGlobalSection
	GlobalSection(ProjectConfigurationPlatforms) = postSolution
		{8871E9BA-4904-49A9-A8D3-A842408E91F1}.Debug|Any CPU.ActiveCfg = Debug|Any CPU
		{8871E9BA-4904-49A9-A8D3-A842408E91F1}.Debug|Any CPU.Build.0 = Debug|Any CPU
		{8871E9BA-4904-49A9-A8D3-A842408E91F1}.Release|Any CPU.ActiveCfg = Release|Any CPU
		{8871E9BA-4904-49A9-A8D3-A842408E91F1}.Release|Any CPU.Build.0 = Release|Any CPU
	EndGlobalSection
	GlobalSection(SolutionProperties) = preSolution
		HideSolutionNode = FALSE
	EndGlobalSection
	GlobalSection(ExtensibilityGlobals) = postSolution
		SolutionGuid = {41E6D43A-4237-4C95-9FF2-A0038AB00294}
	EndGlobalSection
EndGlobal
